{
  "requires": true,
  "lockfileVersion": 1,
  "dependencies": {
    "selt0-palindrome": {
      "version": "0.1.0",
      "resolved": "https://registry.npmjs.org/selt0-palindrome/-/selt0-palindrome-0.1.0.tgz",
      "integrity": "sha512-mOUNZljP3cEOjCU8OkHATMsAwRsW2KuVys/tQGqncF6x+U497AVrOwgryM72VxtbneH8lAnNfOSJ1CxbpZbwfQ=="
    }
  }
}
