{
  "requires": true,
  "lockfileVersion": 1,
  "dependencies": {
    "selt0-palindrome": {
      "version": "0.1.1",
      "resolved": "https://registry.npmjs.org/selt0-palindrome/-/selt0-palindrome-0.1.1.tgz",
      "integrity": "sha512-bA/vrmV+qfgbeqGvNBwz0RHqG1WFAMpEO7HrgHvckLHXfMmcK4Imm2Yx/FeLNJ9GH4/VP7Tc57KCEfhDDDWpog=="
    }
  }
}
